
Microsoft Visual Studio Solution File, Format Version 12.00
# Visual Studio Version 16
VisualStudioVersion = 16.0.30621.155
MinimumVisualStudioVersion = 10.0.40219.1
Project("{FAE04EC0-301F-11D3-BF4B-00C04F79EFBC}") = "Ms-App-Crm", "Ms-App-Crm\Ms-App-Crm.csproj", "{DAED44D1-576F-4920-BEAA-37E48C242448}"
EndProject
Project("{FAE04EC0-301F-11D3-BF4B-00C04F79EFBC}") = "Crm-Core", "Crm-Core\Crm-Core.csproj", "{53BA6E9A-99CB-4D99-BBFA-CFAE6C6DD47B}"
EndProject
Global
	GlobalSection(SolutionConfigurationPlatforms) = preSolution
		Debug|Any CPU = Debug|Any CPU
		Release|Any CPU = Release|Any CPU
	EndGlobalSection
	GlobalSection(ProjectConfigurationPlatforms) = postSolution
		{DAED44D1-576F-4920-BEAA-37E48C242448}.Debug|Any CPU.ActiveCfg = Debug|Any CPU
		{DAED44D1-576F-4920-BEAA-37E48C242448}.Debug|Any CPU.Build.0 = Debug|Any CPU
		{DAED44D1-576F-4920-BEAA-37E48C242448}.Release|Any CPU.ActiveCfg = Release|Any CPU
		{DAED44D1-576F-4920-BEAA-37E48C242448}.Release|Any CPU.Build.0 = Release|Any CPU
		{53BA6E9A-99CB-4D99-BBFA-CFAE6C6DD47B}.Debug|Any CPU.ActiveCfg = Debug|Any CPU
		{53BA6E9A-99CB-4D99-BBFA-CFAE6C6DD47B}.Debug|Any CPU.Build.0 = Debug|Any CPU
		{53BA6E9A-99CB-4D99-BBFA-CFAE6C6DD47B}.Release|Any CPU.ActiveCfg = Release|Any CPU
		{53BA6E9A-99CB-4D99-BBFA-CFAE6C6DD47B}.Release|Any CPU.Build.0 = Release|Any CPU
	EndGlobalSection
	GlobalSection(SolutionProperties) = preSolution
		HideSolutionNode = FALSE
	EndGlobalSection
	GlobalSection(ExtensibilityGlobals) = postSolution
		SolutionGuid = {6D53C749-9628-4146-A218-46B817D044C3}
	EndGlobalSection
EndGlobal
